
Microsoft Visual Studio Solution File, Format Version 12.00
# Visual Studio Version 17
VisualStudioVersion = 17.0.31903.59
MinimumVisualStudioVersion = 10.0.40219.1
Project("{FAE04EC0-301F-11D3-BF4B-00C04F79EFBC}") = "ExpenseGuard.Api", "ExpenseGuard.Api\ExpenseGuard.Api.csproj", "{A54A6157-F455-495C-8127-AB70CED18855}"
EndProject
Project("{FAE04EC0-301F-11D3-BF4B-00C04F79EFBC}") = "ReimbursementBudget.API", "ReimbursementBudget.API\ReimbursementBudget.API.csproj", "{EE740A11-3AB0-40B3-AC5E-CBF5AD52A537}"
EndProject
Project("{FAE04EC0-301F-11D3-BF4B-00C04F79EFBC}") = "ReimbursementBudget.Tests", "ReimbursementBudget.Tests\ReimbursementBudget.Tests.csproj", "{97770E3D-AE9E-4D5E-9EA7-CE7E5E919FA3}"
EndProject
Global
	GlobalSection(SolutionConfigurationPlatforms) = preSolution
		Debug|Any CPU = Debug|Any CPU
		Debug|x64 = Debug|x64
		Debug|x86 = Debug|x86
		Release|Any CPU = Release|Any CPU
		Release|x64 = Release|x64
		Release|x86 = Release|x86
	EndGlobalSection
	GlobalSection(ProjectConfigurationPlatforms) = postSolution
		{A54A6157-F455-495C-8127-AB70CED18855}.Debug|Any CPU.ActiveCfg = Debug|Any CPU
		{A54A6157-F455-495C-8127-AB70CED18855}.Debug|Any CPU.Build.0 = Debug|Any CPU
		{A54A6157-F455-495C-8127-AB70CED18855}.Debug|x64.ActiveCfg = Debug|Any CPU
		{A54A6157-F455-495C-8127-AB70CED18855}.Debug|x64.Build.0 = Debug|Any CPU
		{A54A6157-F455-495C-8127-AB70CED18855}.Debug|x86.ActiveCfg = Debug|Any CPU
		{A54A6157-F455-495C-8127-AB70CED18855}.Debug|x86.Build.0 = Debug|Any CPU
		{A54A6157-F455-495C-8127-AB70CED18855}.Release|Any CPU.ActiveCfg = Release|Any CPU
		{A54A6157-F455-495C-8127-AB70CED18855}.Release|Any CPU.Build.0 = Release|Any CPU
		{A54A6157-F455-495C-8127-AB70CED18855}.Release|x64.ActiveCfg = Release|Any CPU
		{A54A6157-F455-495C-8127-AB70CED18855}.Release|x64.Build.0 = Release|Any CPU
		{A54A6157-F455-495C-8127-AB70CED18855}.Release|x86.ActiveCfg = Release|Any CPU
		{A54A6157-F455-495C-8127-AB70CED18855}.Release|x86.Build.0 = Release|Any CPU
		{EE740A11-3AB0-40B3-AC5E-CBF5AD52A537}.Debug|Any CPU.ActiveCfg = Debug|Any CPU
		{EE740A11-3AB0-40B3-AC5E-CBF5AD52A537}.Debug|Any CPU.Build.0 = Debug|Any CPU
		{EE740A11-3AB0-40B3-AC5E-CBF5AD52A537}.Debug|x64.ActiveCfg = Debug|Any CPU
		{EE740A11-3AB0-40B3-AC5E-CBF5AD52A537}.Debug|x64.Build.0 = Debug|Any CPU
		{EE740A11-3AB0-40B3-AC5E-CBF5AD52A537}.Debug|x86.ActiveCfg = Debug|Any CPU
		{EE740A11-3AB0-40B3-AC5E-CBF5AD52A537}.Debug|x86.Build.0 = Debug|Any CPU
		{EE740A11-3AB0-40B3-AC5E-CBF5AD52A537}.Release|Any CPU.ActiveCfg = Release|Any CPU
		{EE740A11-3AB0-40B3-AC5E-CBF5AD52A537}.Release|Any CPU.Build.0 = Release|Any CPU
		{EE740A11-3AB0-40B3-AC5E-CBF5AD52A537}.Release|x64.ActiveCfg = Release|Any CPU
		{EE740A11-3AB0-40B3-AC5E-CBF5AD52A537}.Release|x64.Build.0 = Release|Any CPU
		{EE740A11-3AB0-40B3-AC5E-CBF5AD52A537}.Release|x86.ActiveCfg = Release|Any CPU
		{EE740A11-3AB0-40B3-AC5E-CBF5AD52A537}.Release|x86.Build.0 = Release|Any CPU
		{97770E3D-AE9E-4D5E-9EA7-CE7E5E919FA3}.Debug|Any CPU.ActiveCfg = Debug|Any CPU
		{97770E3D-AE9E-4D5E-9EA7-CE7E5E919FA3}.Debug|Any CPU.Build.0 = Debug|Any CPU
		{97770E3D-AE9E-4D5E-9EA7-CE7E5E919FA3}.Debug|x64.ActiveCfg = Debug|Any CPU
		{97770E3D-AE9E-4D5E-9EA7-CE7E5E919FA3}.Debug|x64.Build.0 = Debug|Any CPU
		{97770E3D-AE9E-4D5E-9EA7-CE7E5E919FA3}.Debug|x86.ActiveCfg = Debug|Any CPU
		{97770E3D-AE9E-4D5E-9EA7-CE7E5E919FA3}.Debug|x86.Build.0 = Debug|Any CPU
		{97770E3D-AE9E-4D5E-9EA7-CE7E5E919FA3}.Release|Any CPU.ActiveCfg = Release|Any CPU
		{97770E3D-AE9E-4D5E-9EA7-CE7E5E919FA3}.Release|Any CPU.Build.0 = Release|Any CPU
		{97770E3D-AE9E-4D5E-9EA7-CE7E5E919FA3}.Release|x64.ActiveCfg = Release|Any CPU
		{97770E3D-AE9E-4D5E-9EA7-CE7E5E919FA3}.Release|x64.Build.0 = Release|Any CPU
		{97770E3D-AE9E-4D5E-9EA7-CE7E5E919FA3}.Release|x86.ActiveCfg = Release|Any CPU
		{97770E3D-AE9E-4D5E-9EA7-CE7E5E919FA3}.Release|x86.Build.0 = Release|Any CPU
	EndGlobalSection
	GlobalSection(SolutionProperties) = preSolution
		HideSolutionNode = FALSE
	EndGlobalSection
EndGlobal
